{
  "name": "madsocket",
  "version": "2.0.0",
  "lockfileVersion": 2,
  "requires": true,
  "packages": {
    "": {
      "name": "madsocket",
      "version": "2.0.0",
      "license": "ISC",
      "dependencies": {
        "mbr-buffer": "^1.2.2"
      }
    },
    "node_modules/mbr-buffer": {
      "version": "1.2.2",
      "resolved": "https://registry.npmjs.org/mbr-buffer/-/mbr-buffer-1.2.2.tgz",
      "integrity": "sha512-SkOkflldhAkYQweT2dP+qWXAQZ2C11//iAYU0GqfPNOtUUVD6Y8mBolq3fzufq7sAWO9qV7HguG6bJ6M2KULzQ=="
    }
  },
  "dependencies": {
    "mbr-buffer": {
      "version": "1.2.2",
      "resolved": "https://registry.npmjs.org/mbr-buffer/-/mbr-buffer-1.2.2.tgz",
      "integrity": "sha512-SkOkflldhAkYQweT2dP+qWXAQZ2C11//iAYU0GqfPNOtUUVD6Y8mBolq3fzufq7sAWO9qV7HguG6bJ6M2KULzQ=="
    }
  }
}
